
Microsoft Visual Studio Solution File, Format Version 12.00
# Visual Studio 15
VisualStudioVersion = 15.0.26730.12
MinimumVisualStudioVersion = 10.0.40219.1
Project("{FAE04EC0-301F-11D3-BF4B-00C04F79EFBC}") = "Projekt1", "Projekt1.csproj", "{B10A3C9D-B72B-499C-80C3-C5C922705F34}"
EndProject
Global
	GlobalSection(SolutionConfigurationPlatforms) = preSolution
		Debug|Any CPU = Debug|Any CPU
		Release|Any CPU = Release|Any CPU
	EndGlobalSection
	GlobalSection(ProjectConfigurationPlatforms) = postSolution
		{B10A3C9D-B72B-499C-80C3-C5C922705F34}.Debug|Any CPU.ActiveCfg = Debug|Any CPU
		{B10A3C9D-B72B-499C-80C3-C5C922705F34}.Debug|Any CPU.Build.0 = Debug|Any CPU
		{B10A3C9D-B72B-499C-80C3-C5C922705F34}.Release|Any CPU.ActiveCfg = Release|Any CPU
		{B10A3C9D-B72B-499C-80C3-C5C922705F34}.Release|Any CPU.Build.0 = Release|Any CPU
	EndGlobalSection
	GlobalSection(SolutionProperties) = preSolution
		HideSolutionNode = FALSE
	EndGlobalSection
	GlobalSection(ExtensibilityGlobals) = postSolution
		SolutionGuid = {37F99085-C413-4291-AC83-78F841240801}
	EndGlobalSection
EndGlobal
